
Microsoft Visual Studio Solution File, Format Version 12.00
# Visual Studio 15
VisualStudioVersion = 15.0.28307.852
MinimumVisualStudioVersion = 10.0.40219.1
Project("{FAE04EC0-301F-11D3-BF4B-00C04F79EFBC}") = "CSharpTestDome", "CSharpTestDome\CSharpTestDome.csproj", "{4028E021-016A-4162-BE69-9488A2A53B33}"
EndProject
Global
	GlobalSection(SolutionConfigurationPlatforms) = preSolution
		Debug|Any CPU = Debug|Any CPU
		Release|Any CPU = Release|Any CPU
	EndGlobalSection
	GlobalSection(ProjectConfigurationPlatforms) = postSolution
		{4028E021-016A-4162-BE69-9488A2A53B33}.Debug|Any CPU.ActiveCfg = Debug|Any CPU
		{4028E021-016A-4162-BE69-9488A2A53B33}.Debug|Any CPU.Build.0 = Debug|Any CPU
		{4028E021-016A-4162-BE69-9488A2A53B33}.Release|Any CPU.ActiveCfg = Release|Any CPU
		{4028E021-016A-4162-BE69-9488A2A53B33}.Release|Any CPU.Build.0 = Release|Any CPU
	EndGlobalSection
	GlobalSection(SolutionProperties) = preSolution
		HideSolutionNode = FALSE
	EndGlobalSection
	GlobalSection(ExtensibilityGlobals) = postSolution
		SolutionGuid = {4942BFF4-426E-4D92-AF83-4CED3BB678E8}
	EndGlobalSection
EndGlobal
